
Microsoft Visual Studio Solution File, Format Version 12.00
# Visual Studio 2012
Project("{FAE04EC0-301F-11D3-BF4B-00C04F79EFBC}") = "ExcelTest", "ExcelTest\ExcelTest.csproj", "{D3EDF46C-333A-4F22-B037-0CE5C5F23FCD}"
EndProject
Global
	GlobalSection(SolutionConfigurationPlatforms) = preSolution
		Debug|Any CPU = Debug|Any CPU
		Release|Any CPU = Release|Any CPU
	EndGlobalSection
	GlobalSection(ProjectConfigurationPlatforms) = postSolution
		{D3EDF46C-333A-4F22-B037-0CE5C5F23FCD}.Debug|Any CPU.ActiveCfg = Debug|Any CPU
		{D3EDF46C-333A-4F22-B037-0CE5C5F23FCD}.Debug|Any CPU.Build.0 = Debug|Any CPU
		{D3EDF46C-333A-4F22-B037-0CE5C5F23FCD}.Release|Any CPU.ActiveCfg = Release|Any CPU
		{D3EDF46C-333A-4F22-B037-0CE5C5F23FCD}.Release|Any CPU.Build.0 = Release|Any CPU
	EndGlobalSection
EndGlobal
